
Microsoft Visual Studio Solution File, Format Version 12.00
# Visual Studio Version 17
VisualStudioVersion = 17.0.31903.59
MinimumVisualStudioVersion = 10.0.40219.1
Project("{9A19103F-16F7-4668-BE54-9A1E7A4F7556}") = "AdventOfCode2021", "AdventOfCode2021\AdventOfCode2021.csproj", "{11EEE3EA-7346-4DFA-805A-C4790437433F}"
EndProject
Project("{2150E333-8FDC-42A3-9474-1A3956D46DE8}") = "Solution Items", "Solution Items", "{031528D9-FFC8-43D2-9CAB-98C0F10C925E}"
	ProjectSection(SolutionItems) = preProject
		README.md = README.md
	EndProjectSection
EndProject
Global
	GlobalSection(SolutionConfigurationPlatforms) = preSolution
		Debug|Any CPU = Debug|Any CPU
		Release|Any CPU = Release|Any CPU
	EndGlobalSection
	GlobalSection(ProjectConfigurationPlatforms) = postSolution
		{11EEE3EA-7346-4DFA-805A-C4790437433F}.Debug|Any CPU.ActiveCfg = Debug|Any CPU
		{11EEE3EA-7346-4DFA-805A-C4790437433F}.Debug|Any CPU.Build.0 = Debug|Any CPU
		{11EEE3EA-7346-4DFA-805A-C4790437433F}.Release|Any CPU.ActiveCfg = Release|Any CPU
		{11EEE3EA-7346-4DFA-805A-C4790437433F}.Release|Any CPU.Build.0 = Release|Any CPU
	EndGlobalSection
	GlobalSection(SolutionProperties) = preSolution
		HideSolutionNode = FALSE
	EndGlobalSection
	GlobalSection(ExtensibilityGlobals) = postSolution
		SolutionGuid = {8A2B3EB5-94CE-4524-99F0-9935BF9E8D30}
	EndGlobalSection
EndGlobal
